
Microsoft Visual Studio Solution File, Format Version 9.00
# Visual Studio 2005
Project("{FAE04EC0-301F-11D3-BF4B-00C04F79EFBC}") = "SpherePuzzle", "SpherePuzzle.csproj", "{280013AB-9EF8-4CDC-A24B-0417D2F3BCD7}"
EndProject
Global
	GlobalSection(SolutionConfigurationPlatforms) = preSolution
		Debug|x86 = Debug|x86
		Release|x86 = Release|x86
	EndGlobalSection
	GlobalSection(ProjectConfigurationPlatforms) = postSolution
		{280013AB-9EF8-4CDC-A24B-0417D2F3BCD7}.Debug|x86.ActiveCfg = Debug|x86
		{280013AB-9EF8-4CDC-A24B-0417D2F3BCD7}.Debug|x86.Build.0 = Debug|x86
		{280013AB-9EF8-4CDC-A24B-0417D2F3BCD7}.Release|x86.ActiveCfg = Release|x86
		{280013AB-9EF8-4CDC-A24B-0417D2F3BCD7}.Release|x86.Build.0 = Release|x86
	EndGlobalSection
	GlobalSection(SolutionProperties) = preSolution
		HideSolutionNode = FALSE
	EndGlobalSection
EndGlobal
