
Microsoft Visual Studio Solution File, Format Version 10.00
# Visual Studio 2008
Project("{2150E333-8FDC-42A3-9474-1A3956D46DE8}") = "iglib", "iglib", "{88674B5E-DDFE-4466-BCE8-755DEB7BAE02}"
EndProject
Project("{2150E333-8FDC-42A3-9474-1A3956D46DE8}") = "test", "test", "{79FD83AB-27C2-4DD5-A3ED-3EF94DF28795}"
EndProject
Project("{2150E333-8FDC-42A3-9474-1A3956D46DE8}") = "server", "server", "{388731DE-B701-497D-8BAA-2E4754B31F8B}"
EndProject
Project("{FAE04EC0-301F-11D3-BF4B-00C04F79EFBC}") = "igform_console_test", "test\00test\igform_console_test.csproj", "{325D90A1-6336-48A0-AFB8-A8D494B8F6BA}"
EndProject
Project("{FAE04EC0-301F-11D3-BF4B-00C04F79EFBC}") = "igform_test", "test\00test\igform_test.csproj", "{F8FAA9AD-5537-4B82-97EC-D26AE37366AD}"
EndProject
Project("{FAE04EC0-301F-11D3-BF4B-00C04F79EFBC}") = "igform_quick_tests", "test\00test\igform_quick_tests.csproj", "{985A1B40-D833-4B75-B2FA-F6DB323E0788}"
EndProject
Project("{FAE04EC0-301F-11D3-BF4B-00C04F79EFBC}") = "testclient", "test\TestClient\testclient.csproj", "{A866F000-6434-45F1-9493-3ECAC6FAE72D}"
EndProject
Project("{FAE04EC0-301F-11D3-BF4B-00C04F79EFBC}") = "testserver", "test\TestServer\testserver.csproj", "{1F5E3844-CEF8-4084-9436-4B6BA32824D6}"
EndProject
Project("{FAE04EC0-301F-11D3-BF4B-00C04F79EFBC}") = "igform", "igforms\igform.csproj", "{50235FC8-A69D-47AE-A557-6518B35CC7C9}"
EndProject
Project("{FAE04EC0-301F-11D3-BF4B-00C04F79EFBC}") = "iglib", "iglib\iglib.csproj", "{1959D290-8600-410D-B02B-FD178B931FDB}"
EndProject
Project("{2150E333-8FDC-42A3-9474-1A3956D46DE8}") = "external", "external", "{876CC39A-5756-4A96-8E9D-ABEA17940FB7}"
EndProject
Project("{FAE04EC0-301F-11D3-BF4B-00C04F79EFBC}") = "NumberConverter", "external\NumberConverter\NumberConverter.csproj", "{AA13248E-EF53-4222-98E5-9D2678E8E65C}"
EndProject
Project("{FAE04EC0-301F-11D3-BF4B-00C04F79EFBC}") = "Iridium", "external\MathNet\Iridium\Sources\Library\Iridium.csproj", "{26FC15DE-EFDA-403A-8284-1E2A4AE8A9D8}"
EndProject
Project("{FAE04EC0-301F-11D3-BF4B-00C04F79EFBC}") = "Neodym", "external\MathNet\Neodym\Sources\Library\Neodym.csproj", "{5B1D0091-5B3B-4F66-A296-3BCF431FCF15}"
EndProject
Project("{FAE04EC0-301F-11D3-BF4B-00C04F79EFBC}") = "IGTestMathNet", "test\IGTestMathNet\IGTestMathNet.csproj", "{7948808F-155D-4930-B140-3A2A2D5EA144}"
EndProject
Project("{2150E333-8FDC-42A3-9474-1A3956D46DE8}") = "numerictests", "numerictests", "{11A85F1F-F61F-41AC-9E94-0FA07CCF0FEC}"
EndProject
Project("{FAE04EC0-301F-11D3-BF4B-00C04F79EFBC}") = "Iridium.Test", "external\MathNet\Iridium\Tests\Iridium.Test.csproj", "{5339BD38-ECD9-4EF5-9E7F-1974F4D0D181}"
EndProject
Project("{FAE04EC0-301F-11D3-BF4B-00C04F79EFBC}") = "Neodym.Test", "external\MathNet\Neodym\Tests\Neodym.Test.csproj", "{F643F4B3-9190-44AD-B0A5-6045528C5917}"
EndProject
Project("{2150E333-8FDC-42A3-9474-1A3956D46DE8}") = "numeric1", "numeric1", "{2908E52C-47F8-49B4-82F9-350CBBD7B393}"
	ProjectSection(SolutionItems) = preProject
		iglib\numeric\Complex.cs = iglib\numeric\Complex.cs
		iglib\numeric\Constants.cs = iglib\numeric\Constants.cs
		iglib\numeric\Functions.cs = iglib\numeric\Functions.cs
		iglib\numeric\Matrix.cs = iglib\numeric\Matrix.cs
		iglib\numeric\OldNumeric.cs = iglib\numeric\OldNumeric.cs
		iglib\numeric\Scalar.cs = iglib\numeric\Scalar.cs
		iglib\numeric\Vector.cs = iglib\numeric\Vector.cs
	EndProjectSection
EndProject
Project("{FAE04EC0-301F-11D3-BF4B-00C04F79EFBC}") = "IgLibTest", "test\IgLibTest\IgLibTest.csproj", "{320E85A9-15BE-4568-B750-36A9D4ED5537}"
EndProject
Project("{FAE04EC0-301F-11D3-BF4B-00C04F79EFBC}") = "ReporterMsg", "reportermsg\ReporterMsg\ReporterMsg.csproj", "{AC130D8D-D656-4EA6-A940-3C261F589ACE}"
EndProject
Project("{FAE04EC0-301F-11D3-BF4B-00C04F79EFBC}") = "ReporterMsg_Forms", "reportermsg\ReporterMsg_Forms\ReporterMsg_Forms.csproj", "{E18CE315-9FE0-4BA1-9DC2-7D8177563EA8}"
EndProject
Global
	GlobalSection(SolutionConfigurationPlatforms) = preSolution
		Debug|Any CPU = Debug|Any CPU
		Release|Any CPU = Release|Any CPU
	EndGlobalSection
	GlobalSection(ProjectConfigurationPlatforms) = postSolution
		{325D90A1-6336-48A0-AFB8-A8D494B8F6BA}.Debug|Any CPU.ActiveCfg = Debug|Any CPU
		{325D90A1-6336-48A0-AFB8-A8D494B8F6BA}.Debug|Any CPU.Build.0 = Debug|Any CPU
		{325D90A1-6336-48A0-AFB8-A8D494B8F6BA}.Release|Any CPU.ActiveCfg = Release|Any CPU
		{325D90A1-6336-48A0-AFB8-A8D494B8F6BA}.Release|Any CPU.Build.0 = Release|Any CPU
		{F8FAA9AD-5537-4B82-97EC-D26AE37366AD}.Debug|Any CPU.ActiveCfg = Debug|Any CPU
		{F8FAA9AD-5537-4B82-97EC-D26AE37366AD}.Debug|Any CPU.Build.0 = Debug|Any CPU
		{F8FAA9AD-5537-4B82-97EC-D26AE37366AD}.Release|Any CPU.ActiveCfg = Release|Any CPU
		{F8FAA9AD-5537-4B82-97EC-D26AE37366AD}.Release|Any CPU.Build.0 = Release|Any CPU
		{985A1B40-D833-4B75-B2FA-F6DB323E0788}.Debug|Any CPU.ActiveCfg = Debug|Any CPU
		{985A1B40-D833-4B75-B2FA-F6DB323E0788}.Debug|Any CPU.Build.0 = Debug|Any CPU
		{985A1B40-D833-4B75-B2FA-F6DB323E0788}.Release|Any CPU.ActiveCfg = Release|Any CPU
		{985A1B40-D833-4B75-B2FA-F6DB323E0788}.Release|Any CPU.Build.0 = Release|Any CPU
		{A866F000-6434-45F1-9493-3ECAC6FAE72D}.Debug|Any CPU.ActiveCfg = Debug|Any CPU
		{A866F000-6434-45F1-9493-3ECAC6FAE72D}.Debug|Any CPU.Build.0 = Debug|Any CPU
		{A866F000-6434-45F1-9493-3ECAC6FAE72D}.Release|Any CPU.ActiveCfg = Release|Any CPU
		{A866F000-6434-45F1-9493-3ECAC6FAE72D}.Release|Any CPU.Build.0 = Release|Any CPU
		{1F5E3844-CEF8-4084-9436-4B6BA32824D6}.Debug|Any CPU.ActiveCfg = Debug|Any CPU
		{1F5E3844-CEF8-4084-9436-4B6BA32824D6}.Debug|Any CPU.Build.0 = Debug|Any CPU
		{1F5E3844-CEF8-4084-9436-4B6BA32824D6}.Release|Any CPU.ActiveCfg = Release|Any CPU
		{1F5E3844-CEF8-4084-9436-4B6BA32824D6}.Release|Any CPU.Build.0 = Release|Any CPU
		{50235FC8-A69D-47AE-A557-6518B35CC7C9}.Debug|Any CPU.ActiveCfg = Debug|Any CPU
		{50235FC8-A69D-47AE-A557-6518B35CC7C9}.Debug|Any CPU.Build.0 = Debug|Any CPU
		{50235FC8-A69D-47AE-A557-6518B35CC7C9}.Release|Any CPU.ActiveCfg = Release|Any CPU
		{50235FC8-A69D-47AE-A557-6518B35CC7C9}.Release|Any CPU.Build.0 = Release|Any CPU
		{1959D290-8600-410D-B02B-FD178B931FDB}.Debug|Any CPU.ActiveCfg = Debug|Any CPU
		{1959D290-8600-410D-B02B-FD178B931FDB}.Debug|Any CPU.Build.0 = Debug|Any CPU
		{1959D290-8600-410D-B02B-FD178B931FDB}.Release|Any CPU.ActiveCfg = Release|Any CPU
		{1959D290-8600-410D-B02B-FD178B931FDB}.Release|Any CPU.Build.0 = Release|Any CPU
		{AA13248E-EF53-4222-98E5-9D2678E8E65C}.Debug|Any CPU.ActiveCfg = Debug|Any CPU
		{AA13248E-EF53-4222-98E5-9D2678E8E65C}.Debug|Any CPU.Build.0 = Debug|Any CPU
		{AA13248E-EF53-4222-98E5-9D2678E8E65C}.Release|Any CPU.ActiveCfg = Release|Any CPU
		{AA13248E-EF53-4222-98E5-9D2678E8E65C}.Release|Any CPU.Build.0 = Release|Any CPU
		{26FC15DE-EFDA-403A-8284-1E2A4AE8A9D8}.Debug|Any CPU.ActiveCfg = Debug|Any CPU
		{26FC15DE-EFDA-403A-8284-1E2A4AE8A9D8}.Debug|Any CPU.Build.0 = Debug|Any CPU
		{26FC15DE-EFDA-403A-8284-1E2A4AE8A9D8}.Release|Any CPU.ActiveCfg = Release|Any CPU
		{26FC15DE-EFDA-403A-8284-1E2A4AE8A9D8}.Release|Any CPU.Build.0 = Release|Any CPU
		{5B1D0091-5B3B-4F66-A296-3BCF431FCF15}.Debug|Any CPU.ActiveCfg = Debug|Any CPU
		{5B1D0091-5B3B-4F66-A296-3BCF431FCF15}.Debug|Any CPU.Build.0 = Debug|Any CPU
		{5B1D0091-5B3B-4F66-A296-3BCF431FCF15}.Release|Any CPU.ActiveCfg = Release|Any CPU
		{5B1D0091-5B3B-4F66-A296-3BCF431FCF15}.Release|Any CPU.Build.0 = Release|Any CPU
		{7948808F-155D-4930-B140-3A2A2D5EA144}.Debug|Any CPU.ActiveCfg = Debug|Any CPU
		{7948808F-155D-4930-B140-3A2A2D5EA144}.Debug|Any CPU.Build.0 = Debug|Any CPU
		{7948808F-155D-4930-B140-3A2A2D5EA144}.Release|Any CPU.ActiveCfg = Release|Any CPU
		{7948808F-155D-4930-B140-3A2A2D5EA144}.Release|Any CPU.Build.0 = Release|Any CPU
		{5339BD38-ECD9-4EF5-9E7F-1974F4D0D181}.Debug|Any CPU.ActiveCfg = Debug|Any CPU
		{5339BD38-ECD9-4EF5-9E7F-1974F4D0D181}.Debug|Any CPU.Build.0 = Debug|Any CPU
		{5339BD38-ECD9-4EF5-9E7F-1974F4D0D181}.Release|Any CPU.ActiveCfg = Release|Any CPU
		{5339BD38-ECD9-4EF5-9E7F-1974F4D0D181}.Release|Any CPU.Build.0 = Release|Any CPU
		{F643F4B3-9190-44AD-B0A5-6045528C5917}.Debug|Any CPU.ActiveCfg = Debug|Any CPU
		{F643F4B3-9190-44AD-B0A5-6045528C5917}.Debug|Any CPU.Build.0 = Debug|Any CPU
		{F643F4B3-9190-44AD-B0A5-6045528C5917}.Release|Any CPU.ActiveCfg = Release|Any CPU
		{F643F4B3-9190-44AD-B0A5-6045528C5917}.Release|Any CPU.Build.0 = Release|Any CPU
		{320E85A9-15BE-4568-B750-36A9D4ED5537}.Debug|Any CPU.ActiveCfg = Debug|Any CPU
		{320E85A9-15BE-4568-B750-36A9D4ED5537}.Debug|Any CPU.Build.0 = Debug|Any CPU
		{320E85A9-15BE-4568-B750-36A9D4ED5537}.Release|Any CPU.ActiveCfg = Release|Any CPU
		{320E85A9-15BE-4568-B750-36A9D4ED5537}.Release|Any CPU.Build.0 = Release|Any CPU
		{AC130D8D-D656-4EA6-A940-3C261F589ACE}.Debug|Any CPU.ActiveCfg = Debug|Any CPU
		{AC130D8D-D656-4EA6-A940-3C261F589ACE}.Debug|Any CPU.Build.0 = Debug|Any CPU
		{AC130D8D-D656-4EA6-A940-3C261F589ACE}.Release|Any CPU.ActiveCfg = Release|Any CPU
		{AC130D8D-D656-4EA6-A940-3C261F589ACE}.Release|Any CPU.Build.0 = Release|Any CPU
		{E18CE315-9FE0-4BA1-9DC2-7D8177563EA8}.Debug|Any CPU.ActiveCfg = Debug|Any CPU
		{E18CE315-9FE0-4BA1-9DC2-7D8177563EA8}.Debug|Any CPU.Build.0 = Debug|Any CPU
		{E18CE315-9FE0-4BA1-9DC2-7D8177563EA8}.Release|Any CPU.ActiveCfg = Release|Any CPU
		{E18CE315-9FE0-4BA1-9DC2-7D8177563EA8}.Release|Any CPU.Build.0 = Release|Any CPU
	EndGlobalSection
	GlobalSection(SolutionProperties) = preSolution
		HideSolutionNode = FALSE
	EndGlobalSection
	GlobalSection(NestedProjects) = preSolution
		{50235FC8-A69D-47AE-A557-6518B35CC7C9} = {88674B5E-DDFE-4466-BCE8-755DEB7BAE02}
		{1959D290-8600-410D-B02B-FD178B931FDB} = {88674B5E-DDFE-4466-BCE8-755DEB7BAE02}
		{2908E52C-47F8-49B4-82F9-350CBBD7B393} = {88674B5E-DDFE-4466-BCE8-755DEB7BAE02}
		{AC130D8D-D656-4EA6-A940-3C261F589ACE} = {88674B5E-DDFE-4466-BCE8-755DEB7BAE02}
		{E18CE315-9FE0-4BA1-9DC2-7D8177563EA8} = {88674B5E-DDFE-4466-BCE8-755DEB7BAE02}
		{388731DE-B701-497D-8BAA-2E4754B31F8B} = {79FD83AB-27C2-4DD5-A3ED-3EF94DF28795}
		{325D90A1-6336-48A0-AFB8-A8D494B8F6BA} = {79FD83AB-27C2-4DD5-A3ED-3EF94DF28795}
		{F8FAA9AD-5537-4B82-97EC-D26AE37366AD} = {79FD83AB-27C2-4DD5-A3ED-3EF94DF28795}
		{985A1B40-D833-4B75-B2FA-F6DB323E0788} = {79FD83AB-27C2-4DD5-A3ED-3EF94DF28795}
		{11A85F1F-F61F-41AC-9E94-0FA07CCF0FEC} = {79FD83AB-27C2-4DD5-A3ED-3EF94DF28795}
		{320E85A9-15BE-4568-B750-36A9D4ED5537} = {79FD83AB-27C2-4DD5-A3ED-3EF94DF28795}
		{A866F000-6434-45F1-9493-3ECAC6FAE72D} = {388731DE-B701-497D-8BAA-2E4754B31F8B}
		{1F5E3844-CEF8-4084-9436-4B6BA32824D6} = {388731DE-B701-497D-8BAA-2E4754B31F8B}
		{AA13248E-EF53-4222-98E5-9D2678E8E65C} = {876CC39A-5756-4A96-8E9D-ABEA17940FB7}
		{26FC15DE-EFDA-403A-8284-1E2A4AE8A9D8} = {876CC39A-5756-4A96-8E9D-ABEA17940FB7}
		{5B1D0091-5B3B-4F66-A296-3BCF431FCF15} = {876CC39A-5756-4A96-8E9D-ABEA17940FB7}
		{7948808F-155D-4930-B140-3A2A2D5EA144} = {11A85F1F-F61F-41AC-9E94-0FA07CCF0FEC}
		{5339BD38-ECD9-4EF5-9E7F-1974F4D0D181} = {11A85F1F-F61F-41AC-9E94-0FA07CCF0FEC}
		{F643F4B3-9190-44AD-B0A5-6045528C5917} = {11A85F1F-F61F-41AC-9E94-0FA07CCF0FEC}
	EndGlobalSection
EndGlobal
