
Microsoft Visual Studio Solution File, Format Version 11.00
# Visual C# Express 2010
Project("{FAE04EC0-301F-11D3-BF4B-00C04F79EFBC}") = "SpherePuzzle", "SpherePuzzle.csproj", "{280013AB-9EF8-4CDC-A24B-0417D2F3BCD7}"
EndProject
Global
	GlobalSection(SolutionConfigurationPlatforms) = preSolution
		Debug|x64 = Debug|x64
		Release|x64 = Release|x64
	EndGlobalSection
	GlobalSection(ProjectConfigurationPlatforms) = postSolution
		{280013AB-9EF8-4CDC-A24B-0417D2F3BCD7}.Debug|x64.ActiveCfg = Debug|x64
		{280013AB-9EF8-4CDC-A24B-0417D2F3BCD7}.Debug|x64.Build.0 = Debug|x64
		{280013AB-9EF8-4CDC-A24B-0417D2F3BCD7}.Release|x64.ActiveCfg = Release|x64
		{280013AB-9EF8-4CDC-A24B-0417D2F3BCD7}.Release|x64.Build.0 = Release|x64
	EndGlobalSection
	GlobalSection(SolutionProperties) = preSolution
		HideSolutionNode = FALSE
	EndGlobalSection
EndGlobal
