
Microsoft Visual Studio Solution File, Format Version 11.00
# Visual C# Express 2010
Project("{FAE04EC0-301F-11D3-BF4B-00C04F79EFBC}") = "HelloVTKForm", "HelloVTKForm.csproj", "{9156DF42-882C-4FBF-A434-B53678A33CBC}"
EndProject
Global
	GlobalSection(SolutionConfigurationPlatforms) = preSolution
		Debug|x64 = Debug|x64
		Release|x64 = Release|x64
	EndGlobalSection
	GlobalSection(ProjectConfigurationPlatforms) = postSolution
		{9156DF42-882C-4FBF-A434-B53678A33CBC}.Debug|x64.ActiveCfg = Debug|x64
		{9156DF42-882C-4FBF-A434-B53678A33CBC}.Debug|x64.Build.0 = Debug|x64
		{9156DF42-882C-4FBF-A434-B53678A33CBC}.Release|x64.ActiveCfg = Release|x64
		{9156DF42-882C-4FBF-A434-B53678A33CBC}.Release|x64.Build.0 = Release|x64
	EndGlobalSection
	GlobalSection(SolutionProperties) = preSolution
		HideSolutionNode = FALSE
	EndGlobalSection
EndGlobal
