
Microsoft Visual Studio Solution File, Format Version 12.00
# Visual Studio Version 16
VisualStudioVersion = 16.0.31410.357
MinimumVisualStudioVersion = 10.0.40219.1
Project("{9A19103F-16F7-4668-BE54-9A1E7A4F7556}") = "InitIGLibModules", "InitIGLibModules\InitIGLibModules.csproj", "{A50DC9E3-3E06-4E49-AF6B-B120AD8FF595}"
EndProject
Global
	GlobalSection(SolutionConfigurationPlatforms) = preSolution
		Debug|Any CPU = Debug|Any CPU
		Release|Any CPU = Release|Any CPU
	EndGlobalSection
	GlobalSection(ProjectConfigurationPlatforms) = postSolution
		{A50DC9E3-3E06-4E49-AF6B-B120AD8FF595}.Debug|Any CPU.ActiveCfg = Debug|Any CPU
		{A50DC9E3-3E06-4E49-AF6B-B120AD8FF595}.Debug|Any CPU.Build.0 = Debug|Any CPU
		{A50DC9E3-3E06-4E49-AF6B-B120AD8FF595}.Release|Any CPU.ActiveCfg = Release|Any CPU
		{A50DC9E3-3E06-4E49-AF6B-B120AD8FF595}.Release|Any CPU.Build.0 = Release|Any CPU
	EndGlobalSection
	GlobalSection(SolutionProperties) = preSolution
		HideSolutionNode = FALSE
	EndGlobalSection
	GlobalSection(ExtensibilityGlobals) = postSolution
		SolutionGuid = {C3108E8A-4475-43FB-99A4-5DD244F2ECCE}
	EndGlobalSection
EndGlobal
